// !$*UTF8*$!
{
	archiveVersion = 1;
	classes = {
	};
	objectVersion = 46;
	objects = {

/* Begin PBXBuildFile section */
		920621441AC057A60035212A /* BinaryTest.swift in Sources */ = {isa = PBXBuildFile; fileRef = 920621431AC057A60035212A /* BinaryTest.swift */; };
		920621461AC057D70035212A /* Binary.swift in Sources */ = {isa = PBXBuildFile; fileRef = 920621451AC057D70035212A /* Binary.swift */; };
		920621471AC058170035212A /* Binary.swift in Sources */ = {isa = PBXBuildFile; fileRef = 920621451AC057D70035212A /* Binary.swift */; };
		920621491AC0718F0035212A /* PrimeFactorsTest.swift in Sources */ = {isa = PBXBuildFile; fileRef = 920621481AC0718F0035212A /* PrimeFactorsTest.swift */; };
		9206214B1AC071BA0035212A /* PrimeFactors.swift in Sources */ = {isa = PBXBuildFile; fileRef = 9206214A1AC071BA0035212A /* PrimeFactors.swift */; };
		9206214C1AC071BE0035212A /* PrimeFactors.swift in Sources */ = {isa = PBXBuildFile; fileRef = 9206214A1AC071BA0035212A /* PrimeFactors.swift */; };
		920A93631AB0A54D004032A5 /* GradeSchoolTest.swift in Sources */ = {isa = PBXBuildFile; fileRef = 920A93621AB0A54D004032A5 /* GradeSchoolTest.swift */; };
		920A93651AB0A60B004032A5 /* GradeSchool.swift in Sources */ = {isa = PBXBuildFile; fileRef = 920A93641AB0A60B004032A5 /* GradeSchool.swift */; };
		920A93661AB0A620004032A5 /* GradeSchool.swift in Sources */ = {isa = PBXBuildFile; fileRef = 920A93641AB0A60B004032A5 /* GradeSchool.swift */; };
		920A93681AB1C61D004032A5 /* RobotNameTest.swift in Sources */ = {isa = PBXBuildFile; fileRef = 920A93671AB1C61D004032A5 /* RobotNameTest.swift */; };
		920A936A1AB1C639004032A5 /* Robot.swift in Sources */ = {isa = PBXBuildFile; fileRef = 920A93691AB1C639004032A5 /* Robot.swift */; };
		920A936B1AB1C68F004032A5 /* Robot.swift in Sources */ = {isa = PBXBuildFile; fileRef = 920A93691AB1C639004032A5 /* Robot.swift */; };
		920B56A11AE7494B0044760E /* LinkedListTest.swift in Sources */ = {isa = PBXBuildFile; fileRef = 920B56A01AE7494B0044760E /* LinkedListTest.swift */; };
		920B56A31AE74A9C0044760E /* LinkedList.swift in Sources */ = {isa = PBXBuildFile; fileRef = 920B56A21AE74A9C0044760E /* LinkedList.swift */; };
		920B56A41AE74EE50044760E /* LinkedList.swift in Sources */ = {isa = PBXBuildFile; fileRef = 920B56A21AE74A9C0044760E /* LinkedList.swift */; };
		920F65BE1AA87F3000CA652B /* EtlTest.swift in Sources */ = {isa = PBXBuildFile; fileRef = 920F65BD1AA87F3000CA652B /* EtlTest.swift */; };
		920F65C01AA87F4F00CA652B /* ETL.swift in Sources */ = {isa = PBXBuildFile; fileRef = 920F65BF1AA87F4F00CA652B /* ETL.swift */; };
		920F65C11AA87F6F00CA652B /* ETL.swift in Sources */ = {isa = PBXBuildFile; fileRef = 920F65BF1AA87F4F00CA652B /* ETL.swift */; };
		921487EA1AC468C500A41FAD /* CryptoSquareTest.swift in Sources */ = {isa = PBXBuildFile; fileRef = 921487E91AC468C500A41FAD /* CryptoSquareTest.swift */; };
		921487EC1AC4692400A41FAD /* Crypto.swift in Sources */ = {isa = PBXBuildFile; fileRef = 921487EB1AC4692400A41FAD /* Crypto.swift */; };
		921487ED1AC4696800A41FAD /* Crypto.swift in Sources */ = {isa = PBXBuildFile; fileRef = 921487EB1AC4692400A41FAD /* Crypto.swift */; };
		9220D0191AE694DB00805E0A /* SimpleLinkedListTest.swift in Sources */ = {isa = PBXBuildFile; fileRef = 9220D0181AE694DB00805E0A /* SimpleLinkedListTest.swift */; };
		9220D01B1AE6955400805E0A /* Element.swift in Sources */ = {isa = PBXBuildFile; fileRef = 9220D01A1AE6955400805E0A /* Element.swift */; };
		9220D01C1AE6959C00805E0A /* Element.swift in Sources */ = {isa = PBXBuildFile; fileRef = 9220D01A1AE6955400805E0A /* Element.swift */; };
		922B73EB1AA9F37D00CCBEC7 /* AnagramTest.swift in Sources */ = {isa = PBXBuildFile; fileRef = 922B73EA1AA9F37D00CCBEC7 /* AnagramTest.swift */; };
		922B73ED1AA9F39E00CCBEC7 /* Anagram.swift in Sources */ = {isa = PBXBuildFile; fileRef = 922B73EC1AA9F39E00CCBEC7 /* Anagram.swift */; };
		922B73EE1AA9F40100CCBEC7 /* Anagram.swift in Sources */ = {isa = PBXBuildFile; fileRef = 922B73EC1AA9F39E00CCBEC7 /* Anagram.swift */; };
		92343CF91AE7B49300B06D98 /* WordyTest.swift in Sources */ = {isa = PBXBuildFile; fileRef = 92343CF81AE7B49300B06D98 /* WordyTest.swift */; };
		92343CFB1AE7B49E00B06D98 /* Wordy.swift in Sources */ = {isa = PBXBuildFile; fileRef = 92343CFA1AE7B49E00B06D98 /* Wordy.swift */; };
		92343CFC1AE7B4BB00B06D98 /* Wordy.swift in Sources */ = {isa = PBXBuildFile; fileRef = 92343CFA1AE7B49E00B06D98 /* Wordy.swift */; };
		92350FCA1AE2722E00643581 /* SecretHandshakeTests.swift in Sources */ = {isa = PBXBuildFile; fileRef = 92350FC91AE2722E00643581 /* SecretHandshakeTests.swift */; };
		92350FCC1AE2726B00643581 /* SecretHandshake.swift in Sources */ = {isa = PBXBuildFile; fileRef = 92350FCB1AE2726B00643581 /* SecretHandshake.swift */; };
		92350FCD1AE2729500643581 /* SecretHandshake.swift in Sources */ = {isa = PBXBuildFile; fileRef = 92350FCB1AE2726B00643581 /* SecretHandshake.swift */; };
		923ADD6A1A9A067500CF6D3F /* AppDelegate.swift in Sources */ = {isa = PBXBuildFile; fileRef = 923ADD691A9A067500CF6D3F /* AppDelegate.swift */; };
		923ADD6C1A9A067500CF6D3F /* ViewController.swift in Sources */ = {isa = PBXBuildFile; fileRef = 923ADD6B1A9A067500CF6D3F /* ViewController.swift */; };
		923ADD6F1A9A067500CF6D3F /* Main.storyboard in Resources */ = {isa = PBXBuildFile; fileRef = 923ADD6D1A9A067500CF6D3F /* Main.storyboard */; };
		923ADD711A9A067500CF6D3F /* Images.xcassets in Resources */ = {isa = PBXBuildFile; fileRef = 923ADD701A9A067500CF6D3F /* Images.xcassets */; };
		923ADD741A9A067500CF6D3F /* LaunchScreen.xib in Resources */ = {isa = PBXBuildFile; fileRef = 923ADD721A9A067500CF6D3F /* LaunchScreen.xib */; };
		923ADD801A9A067600CF6D3F /* exercism_test_runnerTests.swift in Sources */ = {isa = PBXBuildFile; fileRef = 923ADD7F1A9A067600CF6D3F /* exercism_test_runnerTests.swift */; };
		923ADD8A1A9A072900CF6D3F /* BobTest.swift in Sources */ = {isa = PBXBuildFile; fileRef = 923ADD891A9A072900CF6D3F /* BobTest.swift */; };
		923ADD8C1A9A075E00CF6D3F /* Bob.swift in Sources */ = {isa = PBXBuildFile; fileRef = 923ADD8B1A9A075E00CF6D3F /* Bob.swift */; };
		923ADD8D1A9A077100CF6D3F /* Bob.swift in Sources */ = {isa = PBXBuildFile; fileRef = 923ADD8B1A9A075E00CF6D3F /* Bob.swift */; };
		9242B7B71AAB44B400F0C7EC /* NucleotideCountTest.swift in Sources */ = {isa = PBXBuildFile; fileRef = 9242B7B61AAB44B400F0C7EC /* NucleotideCountTest.swift */; };
		9242B7B91AAB44EC00F0C7EC /* DNA.swift in Sources */ = {isa = PBXBuildFile; fileRef = 9242B7B81AAB44EC00F0C7EC /* DNA.swift */; };
		9242B7BA1AAB46AB00F0C7EC /* DNA.swift in Sources */ = {isa = PBXBuildFile; fileRef = 9242B7B81AAB44EC00F0C7EC /* DNA.swift */; };
		9254789A1AB99CEE006119A8 /* TwelveDaysTest.swift in Sources */ = {isa = PBXBuildFile; fileRef = 925478991AB99CEE006119A8 /* TwelveDaysTest.swift */; };
		9254789C1AB99D4C006119A8 /* TwelveDaysSong.swift in Sources */ = {isa = PBXBuildFile; fileRef = 9254789B1AB99D4C006119A8 /* TwelveDaysSong.swift */; };
		9254789D1AB99D4C006119A8 /* TwelveDaysSong.swift in Sources */ = {isa = PBXBuildFile; fileRef = 9254789B1AB99D4C006119A8 /* TwelveDaysSong.swift */; };
		925478A01AB9A7CE006119A8 /* SpaceAgeTest.swift in Sources */ = {isa = PBXBuildFile; fileRef = 9254789E1AB9A7CE006119A8 /* SpaceAgeTest.swift */; };
		925478A21AB9A83A006119A8 /* SpaceAge.swift in Sources */ = {isa = PBXBuildFile; fileRef = 925478A11AB9A83A006119A8 /* SpaceAge.swift */; };
		925478A31AB9A83A006119A8 /* SpaceAge.swift in Sources */ = {isa = PBXBuildFile; fileRef = 925478A11AB9A83A006119A8 /* SpaceAge.swift */; };
		925AC56B1AB3036700064358 /* PerfectNumbersTest.swift in Sources */ = {isa = PBXBuildFile; fileRef = 925AC56A1AB3036700064358 /* PerfectNumbersTest.swift */; };
		925AC56D1AB3042700064358 /* NumberClassifier.swift in Sources */ = {isa = PBXBuildFile; fileRef = 925AC56C1AB3042700064358 /* NumberClassifier.swift */; };
		925AC56E1AB3045D00064358 /* NumberClassifier.swift in Sources */ = {isa = PBXBuildFile; fileRef = 925AC56C1AB3042700064358 /* NumberClassifier.swift */; };
		925E36AA1AC3D1D600E823D7 /* AtbashTest.swift in Sources */ = {isa = PBXBuildFile; fileRef = 925E36A91AC3D1D600E823D7 /* AtbashTest.swift */; };
		925E36AC1AC3D28200E823D7 /* Atbash.swift in Sources */ = {isa = PBXBuildFile; fileRef = 925E36AB1AC3D28200E823D7 /* Atbash.swift */; };
		925E36AD1AC3D2B000E823D7 /* Atbash.swift in Sources */ = {isa = PBXBuildFile; fileRef = 925E36AB1AC3D28200E823D7 /* Atbash.swift */; };
		926A632A1AE13C6400090FF5 /* DifferenceOfSquaresTests.swift in Sources */ = {isa = PBXBuildFile; fileRef = 926A63291AE13C6400090FF5 /* DifferenceOfSquaresTests.swift */; };
		926A632C1AE13C7C00090FF5 /* Squares.swift in Sources */ = {isa = PBXBuildFile; fileRef = 926A632B1AE13C7C00090FF5 /* Squares.swift */; };
		926A632D1AE13D5400090FF5 /* Squares.swift in Sources */ = {isa = PBXBuildFile; fileRef = 926A632B1AE13C7C00090FF5 /* Squares.swift */; };
		928BDE171ABDE0F00027DDC8 /* TriangleTest.swift in Sources */ = {isa = PBXBuildFile; fileRef = 928BDE161ABDE0F00027DDC8 /* TriangleTest.swift */; };
		928BDE191ABDE1400027DDC8 /* Triangle.swift in Sources */ = {isa = PBXBuildFile; fileRef = 928BDE181ABDE1400027DDC8 /* Triangle.swift */; };
		928BDE1A1ABDE4AB0027DDC8 /* Triangle.swift in Sources */ = {isa = PBXBuildFile; fileRef = 928BDE181ABDE1400027DDC8 /* Triangle.swift */; };
		928C31641A9C7B9F008F1A06 /* HammingTest.swift in Sources */ = {isa = PBXBuildFile; fileRef = 928C31631A9C7B9F008F1A06 /* HammingTest.swift */; };
		928E58921AC1A760006DE4C9 /* RaindropsTest.swift in Sources */ = {isa = PBXBuildFile; fileRef = 928E58911AC1A760006DE4C9 /* RaindropsTest.swift */; };
		928E58941AC1A791006DE4C9 /* Raindrops.swift in Sources */ = {isa = PBXBuildFile; fileRef = 928E58931AC1A791006DE4C9 /* Raindrops.swift */; };
		928E58951AC1A7FF006DE4C9 /* Raindrops.swift in Sources */ = {isa = PBXBuildFile; fileRef = 928E58931AC1A791006DE4C9 /* Raindrops.swift */; };
		928FD3521A9C7C7200BC1372 /* Hamming.swift in Sources */ = {isa = PBXBuildFile; fileRef = 928FD3511A9C7C7200BC1372 /* Hamming.swift */; };
		928FD3531A9C7C9000BC1372 /* Hamming.swift in Sources */ = {isa = PBXBuildFile; fileRef = 928FD3511A9C7C7200BC1372 /* Hamming.swift */; };
		929308041AC31270005AA291 /* StrainTest.swift in Sources */ = {isa = PBXBuildFile; fileRef = 929308031AC31270005AA291 /* StrainTest.swift */; };
		929308061AC312CF005AA291 /* ArrayKeepDiscard.swift in Sources */ = {isa = PBXBuildFile; fileRef = 929308051AC312CF005AA291 /* ArrayKeepDiscard.swift */; };
		929308071AC31345005AA291 /* ArrayKeepDiscard.swift in Sources */ = {isa = PBXBuildFile; fileRef = 929308051AC312CF005AA291 /* ArrayKeepDiscard.swift */; };
		9297799F1AD9041C00EE0E58 /* OctalTest.swift in Sources */ = {isa = PBXBuildFile; fileRef = 9297799E1AD9041C00EE0E58 /* OctalTest.swift */; };
		929779A21AD9056F00EE0E58 /* Octal.swift in Sources */ = {isa = PBXBuildFile; fileRef = 929779A01AD904A600EE0E58 /* Octal.swift */; };
		929C2CB91AD93ABC007A7646 /* Luhn.swift in Sources */ = {isa = PBXBuildFile; fileRef = 929C2CB81AD93ABC007A7646 /* Luhn.swift */; };
		929C2CBA1AD93AED007A7646 /* Luhn.swift in Sources */ = {isa = PBXBuildFile; fileRef = 929C2CB81AD93ABC007A7646 /* Luhn.swift */; };
		929C2CBC1AD997A7007A7646 /* SeriesTest.swift in Sources */ = {isa = PBXBuildFile; fileRef = 929C2CBB1AD997A7007A7646 /* SeriesTest.swift */; };
		929C2CBE1AD998B6007A7646 /* Series.swift in Sources */ = {isa = PBXBuildFile; fileRef = 929C2CBD1AD998B6007A7646 /* Series.swift */; };
		929C2CBF1AD99914007A7646 /* Series.swift in Sources */ = {isa = PBXBuildFile; fileRef = 929C2CBD1AD998B6007A7646 /* Series.swift */; };
		929C2CC11ADA9C6D007A7646 /* PigLatinTest.swift in Sources */ = {isa = PBXBuildFile; fileRef = 929C2CC01ADA9C6D007A7646 /* PigLatinTest.swift */; };
		929C2CC31ADA9CBE007A7646 /* PigLatin.swift in Sources */ = {isa = PBXBuildFile; fileRef = 929C2CC21ADA9CBE007A7646 /* PigLatin.swift */; };
		929C2CC41ADA9F05007A7646 /* PigLatin.swift in Sources */ = {isa = PBXBuildFile; fileRef = 929C2CC21ADA9CBE007A7646 /* PigLatin.swift */; };
		92A1A1371ADE527E00ABCACD /* PythagoreanTripletTest.swift in Sources */ = {isa = PBXBuildFile; fileRef = 92A1A1361ADE527E00ABCACD /* PythagoreanTripletTest.swift */; };
		92A1A1391ADE537200ABCACD /* Pythagorean.swift in Sources */ = {isa = PBXBuildFile; fileRef = 92A1A1381ADE537200ABCACD /* Pythagorean.swift */; };
		92A1A13A1ADE537A00ABCACD /* Pythagorean.swift in Sources */ = {isa = PBXBuildFile; fileRef = 92A1A1381ADE537200ABCACD /* Pythagorean.swift */; };
		92ADB16F1AE38605000258FD /* ClockTest.swift in Sources */ = {isa = PBXBuildFile; fileRef = 92ADB16E1AE38605000258FD /* ClockTest.swift */; };
		92ADB1711AE38656000258FD /* Clock.swift in Sources */ = {isa = PBXBuildFile; fileRef = 92ADB1701AE38656000258FD /* Clock.swift */; };
		92ADB1721AE386BC000258FD /* Clock.swift in Sources */ = {isa = PBXBuildFile; fileRef = 92ADB1701AE38656000258FD /* Clock.swift */; };
		92B9DAD01AD2673D00B48ABA /* RnaTranscriptionTest.swift in Sources */ = {isa = PBXBuildFile; fileRef = 92B9DACF1AD2673D00B48ABA /* RnaTranscriptionTest.swift */; };
		92B9DAD21AD2677F00B48ABA /* Nucleotide.swift in Sources */ = {isa = PBXBuildFile; fileRef = 92B9DAD11AD2677F00B48ABA /* Nucleotide.swift */; };
		92B9DAD31AD2678400B48ABA /* Nucleotide.swift in Sources */ = {isa = PBXBuildFile; fileRef = 92B9DAD11AD2677F00B48ABA /* Nucleotide.swift */; };
		92C8BB321AA7302400C448F0 /* WordCountTest.swift in Sources */ = {isa = PBXBuildFile; fileRef = 92C8BB311AA7302400C448F0 /* WordCountTest.swift */; };
		92C8BB341AA730AE00C448F0 /* WordCount.swift in Sources */ = {isa = PBXBuildFile; fileRef = 92C8BB331AA730AE00C448F0 /* WordCount.swift */; };
		92C8BB351AA730B300C448F0 /* WordCount.swift in Sources */ = {isa = PBXBuildFile; fileRef = 92C8BB331AA730AE00C448F0 /* WordCount.swift */; };
		92CF053D1ABB37BA00B0C431 /* GigasecondTest.swift in Sources */ = {isa = PBXBuildFile; fileRef = 92CF053C1ABB37BA00B0C431 /* GigasecondTest.swift */; };
		92CF053F1ABB37FB00B0C431 /* Gigasecond.swift in Sources */ = {isa = PBXBuildFile; fileRef = 92CF053E1ABB37FB00B0C431 /* Gigasecond.swift */; };
		92CF05401ABB395B00B0C431 /* Gigasecond.swift in Sources */ = {isa = PBXBuildFile; fileRef = 92CF053E1ABB37FB00B0C431 /* Gigasecond.swift */; };
		92CF05421ABC18DD00B0C431 /* MeetupTest.swift in Sources */ = {isa = PBXBuildFile; fileRef = 92CF05411ABC18DD00B0C431 /* MeetupTest.swift */; };
		92CF05451ABC1A9D00B0C431 /* Meetup.swift in Sources */ = {isa = PBXBuildFile; fileRef = 92CF05441ABC1A9D00B0C431 /* Meetup.swift */; };
		92CF05461ABC1A9D00B0C431 /* Meetup.swift in Sources */ = {isa = PBXBuildFile; fileRef = 92CF05441ABC1A9D00B0C431 /* Meetup.swift */; };
		92D73EC61AD6C8C300FF25B7 /* SieveTest.swift in Sources */ = {isa = PBXBuildFile; fileRef = 92D73EC51AD6C8C300FF25B7 /* SieveTest.swift */; };
		92D73EC81AD6C8E600FF25B7 /* Sieve.swift in Sources */ = {isa = PBXBuildFile; fileRef = 92D73EC71AD6C8E600FF25B7 /* Sieve.swift */; };
		92D73EC91AD6C99900FF25B7 /* Sieve.swift in Sources */ = {isa = PBXBuildFile; fileRef = 92D73EC71AD6C8E600FF25B7 /* Sieve.swift */; };
		92DCCB481AB46D460030F433 /* AllergiesTest.swift in Sources */ = {isa = PBXBuildFile; fileRef = 92DCCB471AB46D460030F433 /* AllergiesTest.swift */; };
		92DCCB4A1AB46DB90030F433 /* Allergies.swift in Sources */ = {isa = PBXBuildFile; fileRef = 92DCCB491AB46DB90030F433 /* Allergies.swift */; };
		92DCCB4B1AB46E300030F433 /* Allergies.swift in Sources */ = {isa = PBXBuildFile; fileRef = 92DCCB491AB46DB90030F433 /* Allergies.swift */; };
		92DCCB4D1AB57D2D0030F433 /* AccumulateTest.swift in Sources */ = {isa = PBXBuildFile; fileRef = 92DCCB4C1AB57D2D0030F433 /* AccumulateTest.swift */; };
		92DCCB4F1AB57E730030F433 /* Accumulate.swift in Sources */ = {isa = PBXBuildFile; fileRef = 92DCCB4E1AB57E730030F433 /* Accumulate.swift */; };
		92DCCB501AB57ECD0030F433 /* Accumulate.swift in Sources */ = {isa = PBXBuildFile; fileRef = 92DCCB4E1AB57E730030F433 /* Accumulate.swift */; };
		92DCCB521AB5BEBA0030F433 /* SumOfMultiplesTest.swift in Sources */ = {isa = PBXBuildFile; fileRef = 92DCCB511AB5BEBA0030F433 /* SumOfMultiplesTest.swift */; };
		92DCCB541AB5BEF40030F433 /* SumOfMultiples.swift in Sources */ = {isa = PBXBuildFile; fileRef = 92DCCB531AB5BEF40030F433 /* SumOfMultiples.swift */; };
		92DCCB551AB5BF0A0030F433 /* SumOfMultiples.swift in Sources */ = {isa = PBXBuildFile; fileRef = 92DCCB531AB5BEF40030F433 /* SumOfMultiples.swift */; };
		92FAB23F1AD93A3F00FB01A8 /* LuhnTest.swift in Sources */ = {isa = PBXBuildFile; fileRef = 92FAB23E1AD93A3F00FB01A8 /* LuhnTest.swift */; };
		92FC5E9A1AACA58E00A0BA49 /* PhoneNumberTest.swift in Sources */ = {isa = PBXBuildFile; fileRef = 92FC5E991AACA58E00A0BA49 /* PhoneNumberTest.swift */; };
		92FC5E9C1AACA72900A0BA49 /* PhoneNumber.swift in Sources */ = {isa = PBXBuildFile; fileRef = 92FC5E9B1AACA72900A0BA49 /* PhoneNumber.swift */; };
		92FC5E9D1AACA74B00A0BA49 /* PhoneNumber.swift in Sources */ = {isa = PBXBuildFile; fileRef = 92FC5E9B1AACA72900A0BA49 /* PhoneNumber.swift */; };
		92FCD36D1ABF0A4E00448136 /* ScrabbleScoreTest.swift in Sources */ = {isa = PBXBuildFile; fileRef = 92FCD36C1ABF0A4E00448136 /* ScrabbleScoreTest.swift */; };
		92FCD36F1ABF0AB400448136 /* Scrabble.swift in Sources */ = {isa = PBXBuildFile; fileRef = 92FCD36E1ABF0AB400448136 /* Scrabble.swift */; };
		92FCD3701ABF0AC800448136 /* Scrabble.swift in Sources */ = {isa = PBXBuildFile; fileRef = 92FCD36E1ABF0AB400448136 /* Scrabble.swift */; };
		92FCD3721ABF1CE300448136 /* RomanNumeralsTest.swift in Sources */ = {isa = PBXBuildFile; fileRef = 92FCD3711ABF1CE300448136 /* RomanNumeralsTest.swift */; };
		92FCD3741ABF1D5F00448136 /* RomanNumerals.swift in Sources */ = {isa = PBXBuildFile; fileRef = 92FCD3731ABF1D5F00448136 /* RomanNumerals.swift */; };
		92FCD3751ABF1D9700448136 /* RomanNumerals.swift in Sources */ = {isa = PBXBuildFile; fileRef = 92FCD3731ABF1D5F00448136 /* RomanNumerals.swift */; };
/* End PBXBuildFile section */

/* Begin PBXFileReference section */
		920621431AC057A60035212A /* BinaryTest.swift */ = {isa = PBXFileReference; fileEncoding = 4; lastKnownFileType = sourcecode.swift; path = BinaryTest.swift; sourceTree = "<group>"; };
		920621451AC057D70035212A /* Binary.swift */ = {isa = PBXFileReference; fileEncoding = 4; lastKnownFileType = sourcecode.swift; path = Binary.swift; sourceTree = "<group>"; };
		920621481AC0718F0035212A /* PrimeFactorsTest.swift */ = {isa = PBXFileReference; fileEncoding = 4; lastKnownFileType = sourcecode.swift; path = PrimeFactorsTest.swift; sourceTree = "<group>"; };
		9206214A1AC071BA0035212A /* PrimeFactors.swift */ = {isa = PBXFileReference; fileEncoding = 4; lastKnownFileType = sourcecode.swift; path = PrimeFactors.swift; sourceTree = "<group>"; };
		920A93621AB0A54D004032A5 /* GradeSchoolTest.swift */ = {isa = PBXFileReference; fileEncoding = 4; lastKnownFileType = sourcecode.swift; path = GradeSchoolTest.swift; sourceTree = "<group>"; };
		920A93641AB0A60B004032A5 /* GradeSchool.swift */ = {isa = PBXFileReference; fileEncoding = 4; lastKnownFileType = sourcecode.swift; path = GradeSchool.swift; sourceTree = "<group>"; };
		920A93671AB1C61D004032A5 /* RobotNameTest.swift */ = {isa = PBXFileReference; fileEncoding = 4; lastKnownFileType = sourcecode.swift; path = RobotNameTest.swift; sourceTree = "<group>"; };
		920A93691AB1C639004032A5 /* Robot.swift */ = {isa = PBXFileReference; fileEncoding = 4; lastKnownFileType = sourcecode.swift; path = Robot.swift; sourceTree = "<group>"; };
		920B56A01AE7494B0044760E /* LinkedListTest.swift */ = {isa = PBXFileReference; fileEncoding = 4; lastKnownFileType = sourcecode.swift; name = LinkedListTest.swift; path = "../../linked-list/LinkedListTest.swift"; sourceTree = "<group>"; };
		920B56A21AE74A9C0044760E /* LinkedList.swift */ = {isa = PBXFileReference; fileEncoding = 4; lastKnownFileType = sourcecode.swift; path = LinkedList.swift; sourceTree = "<group>"; };
		920F65BD1AA87F3000CA652B /* EtlTest.swift */ = {isa = PBXFileReference; fileEncoding = 4; lastKnownFileType = sourcecode.swift; path = EtlTest.swift; sourceTree = "<group>"; };
		920F65BF1AA87F4F00CA652B /* ETL.swift */ = {isa = PBXFileReference; fileEncoding = 4; lastKnownFileType = sourcecode.swift; path = ETL.swift; sourceTree = "<group>"; };
		921487E91AC468C500A41FAD /* CryptoSquareTest.swift */ = {isa = PBXFileReference; fileEncoding = 4; lastKnownFileType = sourcecode.swift; path = CryptoSquareTest.swift; sourceTree = "<group>"; };
		921487EB1AC4692400A41FAD /* Crypto.swift */ = {isa = PBXFileReference; fileEncoding = 4; lastKnownFileType = sourcecode.swift; path = Crypto.swift; sourceTree = "<group>"; };
		9220D0181AE694DB00805E0A /* SimpleLinkedListTest.swift */ = {isa = PBXFileReference; fileEncoding = 4; lastKnownFileType = sourcecode.swift; name = SimpleLinkedListTest.swift; path = "../../simple-linked-list/SimpleLinkedListTest.swift"; sourceTree = "<group>"; };
		9220D01A1AE6955400805E0A /* Element.swift */ = {isa = PBXFileReference; fileEncoding = 4; lastKnownFileType = sourcecode.swift; path = Element.swift; sourceTree = "<group>"; };
		922B73EA1AA9F37D00CCBEC7 /* AnagramTest.swift */ = {isa = PBXFileReference; fileEncoding = 4; lastKnownFileType = sourcecode.swift; path = AnagramTest.swift; sourceTree = "<group>"; };
		922B73EC1AA9F39E00CCBEC7 /* Anagram.swift */ = {isa = PBXFileReference; fileEncoding = 4; lastKnownFileType = sourcecode.swift; path = Anagram.swift; sourceTree = "<group>"; };
		92343CF81AE7B49300B06D98 /* WordyTest.swift */ = {isa = PBXFileReference; fileEncoding = 4; lastKnownFileType = sourcecode.swift; name = WordyTest.swift; path = ../../wordy/WordyTest.swift; sourceTree = "<group>"; };
		92343CFA1AE7B49E00B06D98 /* Wordy.swift */ = {isa = PBXFileReference; fileEncoding = 4; lastKnownFileType = sourcecode.swift; path = Wordy.swift; sourceTree = "<group>"; };
		92350FC91AE2722E00643581 /* SecretHandshakeTests.swift */ = {isa = PBXFileReference; fileEncoding = 4; lastKnownFileType = sourcecode.swift; name = SecretHandshakeTests.swift; path = "../../secret-handshake/SecretHandshakeTests.swift"; sourceTree = "<group>"; };
		92350FCB1AE2726B00643581 /* SecretHandshake.swift */ = {isa = PBXFileReference; fileEncoding = 4; lastKnownFileType = sourcecode.swift; path = SecretHandshake.swift; sourceTree = "<group>"; };
		923ADD641A9A067500CF6D3F /* exercism-test-runner.app */ = {isa = PBXFileReference; explicitFileType = wrapper.application; includeInIndex = 0; path = "exercism-test-runner.app"; sourceTree = BUILT_PRODUCTS_DIR; };
		923ADD681A9A067500CF6D3F /* Info.plist */ = {isa = PBXFileReference; lastKnownFileType = text.plist.xml; path = Info.plist; sourceTree = "<group>"; };
		923ADD691A9A067500CF6D3F /* AppDelegate.swift */ = {isa = PBXFileReference; lastKnownFileType = sourcecode.swift; path = AppDelegate.swift; sourceTree = "<group>"; };
		923ADD6B1A9A067500CF6D3F /* ViewController.swift */ = {isa = PBXFileReference; lastKnownFileType = sourcecode.swift; path = ViewController.swift; sourceTree = "<group>"; };
		923ADD6E1A9A067500CF6D3F /* Base */ = {isa = PBXFileReference; lastKnownFileType = file.storyboard; name = Base; path = Base.lproj/Main.storyboard; sourceTree = "<group>"; };
		923ADD701A9A067500CF6D3F /* Images.xcassets */ = {isa = PBXFileReference; lastKnownFileType = folder.assetcatalog; path = Images.xcassets; sourceTree = "<group>"; };
		923ADD731A9A067500CF6D3F /* Base */ = {isa = PBXFileReference; lastKnownFileType = file.xib; name = Base; path = Base.lproj/LaunchScreen.xib; sourceTree = "<group>"; };
		923ADD791A9A067500CF6D3F /* exercism-test-runnerTests.xctest */ = {isa = PBXFileReference; explicitFileType = wrapper.cfbundle; includeInIndex = 0; path = "exercism-test-runnerTests.xctest"; sourceTree = BUILT_PRODUCTS_DIR; };
		923ADD7E1A9A067600CF6D3F /* Info.plist */ = {isa = PBXFileReference; lastKnownFileType = text.plist.xml; path = Info.plist; sourceTree = "<group>"; };
		923ADD7F1A9A067600CF6D3F /* exercism_test_runnerTests.swift */ = {isa = PBXFileReference; lastKnownFileType = sourcecode.swift; path = exercism_test_runnerTests.swift; sourceTree = "<group>"; };
		923ADD891A9A072900CF6D3F /* BobTest.swift */ = {isa = PBXFileReference; fileEncoding = 4; lastKnownFileType = sourcecode.swift; path = BobTest.swift; sourceTree = "<group>"; };
		923ADD8B1A9A075E00CF6D3F /* Bob.swift */ = {isa = PBXFileReference; fileEncoding = 4; lastKnownFileType = sourcecode.swift; path = Bob.swift; sourceTree = "<group>"; };
		9242B7B61AAB44B400F0C7EC /* NucleotideCountTest.swift */ = {isa = PBXFileReference; fileEncoding = 4; lastKnownFileType = sourcecode.swift; path = NucleotideCountTest.swift; sourceTree = "<group>"; };
		9242B7B81AAB44EC00F0C7EC /* DNA.swift */ = {isa = PBXFileReference; fileEncoding = 4; lastKnownFileType = sourcecode.swift; path = DNA.swift; sourceTree = "<group>"; };
		925478991AB99CEE006119A8 /* TwelveDaysTest.swift */ = {isa = PBXFileReference; fileEncoding = 4; lastKnownFileType = sourcecode.swift; path = TwelveDaysTest.swift; sourceTree = "<group>"; };
		9254789B1AB99D4C006119A8 /* TwelveDaysSong.swift */ = {isa = PBXFileReference; fileEncoding = 4; lastKnownFileType = sourcecode.swift; path = TwelveDaysSong.swift; sourceTree = "<group>"; };
		9254789E1AB9A7CE006119A8 /* SpaceAgeTest.swift */ = {isa = PBXFileReference; fileEncoding = 4; lastKnownFileType = sourcecode.swift; path = SpaceAgeTest.swift; sourceTree = "<group>"; };
		925478A11AB9A83A006119A8 /* SpaceAge.swift */ = {isa = PBXFileReference; fileEncoding = 4; lastKnownFileType = sourcecode.swift; path = SpaceAge.swift; sourceTree = "<group>"; };
		925AC56A1AB3036700064358 /* PerfectNumbersTest.swift */ = {isa = PBXFileReference; fileEncoding = 4; lastKnownFileType = sourcecode.swift; path = PerfectNumbersTest.swift; sourceTree = "<group>"; };
		925AC56C1AB3042700064358 /* NumberClassifier.swift */ = {isa = PBXFileReference; fileEncoding = 4; lastKnownFileType = sourcecode.swift; path = NumberClassifier.swift; sourceTree = "<group>"; };
		925E36A91AC3D1D600E823D7 /* AtbashTest.swift */ = {isa = PBXFileReference; fileEncoding = 4; lastKnownFileType = sourcecode.swift; path = AtbashTest.swift; sourceTree = "<group>"; };
		925E36AB1AC3D28200E823D7 /* Atbash.swift */ = {isa = PBXFileReference; fileEncoding = 4; lastKnownFileType = sourcecode.swift; path = Atbash.swift; sourceTree = "<group>"; };
		926A63291AE13C6400090FF5 /* DifferenceOfSquaresTests.swift */ = {isa = PBXFileReference; fileEncoding = 4; lastKnownFileType = sourcecode.swift; name = DifferenceOfSquaresTests.swift; path = "../../difference-of-squares/DifferenceOfSquaresTests.swift"; sourceTree = "<group>"; };
		926A632B1AE13C7C00090FF5 /* Squares.swift */ = {isa = PBXFileReference; fileEncoding = 4; lastKnownFileType = sourcecode.swift; path = Squares.swift; sourceTree = "<group>"; };
		928BDE161ABDE0F00027DDC8 /* TriangleTest.swift */ = {isa = PBXFileReference; fileEncoding = 4; lastKnownFileType = sourcecode.swift; path = TriangleTest.swift; sourceTree = "<group>"; };
		928BDE181ABDE1400027DDC8 /* Triangle.swift */ = {isa = PBXFileReference; fileEncoding = 4; lastKnownFileType = sourcecode.swift; path = Triangle.swift; sourceTree = "<group>"; };
		928C31631A9C7B9F008F1A06 /* HammingTest.swift */ = {isa = PBXFileReference; fileEncoding = 4; lastKnownFileType = sourcecode.swift; path = HammingTest.swift; sourceTree = "<group>"; };
		928E58911AC1A760006DE4C9 /* RaindropsTest.swift */ = {isa = PBXFileReference; fileEncoding = 4; lastKnownFileType = sourcecode.swift; path = RaindropsTest.swift; sourceTree = "<group>"; };
		928E58931AC1A791006DE4C9 /* Raindrops.swift */ = {isa = PBXFileReference; fileEncoding = 4; lastKnownFileType = sourcecode.swift; path = Raindrops.swift; sourceTree = "<group>"; };
		928FD3511A9C7C7200BC1372 /* Hamming.swift */ = {isa = PBXFileReference; fileEncoding = 4; lastKnownFileType = sourcecode.swift; path = Hamming.swift; sourceTree = "<group>"; };
		929308031AC31270005AA291 /* StrainTest.swift */ = {isa = PBXFileReference; fileEncoding = 4; lastKnownFileType = sourcecode.swift; path = StrainTest.swift; sourceTree = "<group>"; };
		929308051AC312CF005AA291 /* ArrayKeepDiscard.swift */ = {isa = PBXFileReference; fileEncoding = 4; lastKnownFileType = sourcecode.swift; path = ArrayKeepDiscard.swift; sourceTree = "<group>"; };
		9297799E1AD9041C00EE0E58 /* OctalTest.swift */ = {isa = PBXFileReference; fileEncoding = 4; lastKnownFileType = sourcecode.swift; path = OctalTest.swift; sourceTree = "<group>"; };
		929779A01AD904A600EE0E58 /* Octal.swift */ = {isa = PBXFileReference; fileEncoding = 4; lastKnownFileType = sourcecode.swift; path = Octal.swift; sourceTree = "<group>"; };
		929C2CB81AD93ABC007A7646 /* Luhn.swift */ = {isa = PBXFileReference; fileEncoding = 4; lastKnownFileType = sourcecode.swift; path = Luhn.swift; sourceTree = "<group>"; };
		929C2CBB1AD997A7007A7646 /* SeriesTest.swift */ = {isa = PBXFileReference; fileEncoding = 4; lastKnownFileType = sourcecode.swift; path = SeriesTest.swift; sourceTree = "<group>"; };
		929C2CBD1AD998B6007A7646 /* Series.swift */ = {isa = PBXFileReference; fileEncoding = 4; lastKnownFileType = sourcecode.swift; path = Series.swift; sourceTree = "<group>"; };
		929C2CC01ADA9C6D007A7646 /* PigLatinTest.swift */ = {isa = PBXFileReference; fileEncoding = 4; lastKnownFileType = sourcecode.swift; path = PigLatinTest.swift; sourceTree = "<group>"; };
		929C2CC21ADA9CBE007A7646 /* PigLatin.swift */ = {isa = PBXFileReference; fileEncoding = 4; lastKnownFileType = sourcecode.swift; path = PigLatin.swift; sourceTree = "<group>"; };
		92A1A1361ADE527E00ABCACD /* PythagoreanTripletTest.swift */ = {isa = PBXFileReference; fileEncoding = 4; lastKnownFileType = sourcecode.swift; name = PythagoreanTripletTest.swift; path = "../../pythagorean-triplet/PythagoreanTripletTest.swift"; sourceTree = "<group>"; };
		92A1A1381ADE537200ABCACD /* Pythagorean.swift */ = {isa = PBXFileReference; fileEncoding = 4; lastKnownFileType = sourcecode.swift; path = Pythagorean.swift; sourceTree = "<group>"; };
		92ADB16E1AE38605000258FD /* ClockTest.swift */ = {isa = PBXFileReference; fileEncoding = 4; lastKnownFileType = sourcecode.swift; name = ClockTest.swift; path = ../../clock/ClockTest.swift; sourceTree = "<group>"; };
		92ADB1701AE38656000258FD /* Clock.swift */ = {isa = PBXFileReference; fileEncoding = 4; lastKnownFileType = sourcecode.swift; path = Clock.swift; sourceTree = "<group>"; };
		92B9DACF1AD2673D00B48ABA /* RnaTranscriptionTest.swift */ = {isa = PBXFileReference; fileEncoding = 4; lastKnownFileType = sourcecode.swift; name = RnaTranscriptionTest.swift; path = "../../rna-transcription/RnaTranscriptionTest.swift"; sourceTree = "<group>"; };
		92B9DAD11AD2677F00B48ABA /* Nucleotide.swift */ = {isa = PBXFileReference; fileEncoding = 4; lastKnownFileType = sourcecode.swift; path = Nucleotide.swift; sourceTree = "<group>"; };
		92C8BB311AA7302400C448F0 /* WordCountTest.swift */ = {isa = PBXFileReference; fileEncoding = 4; lastKnownFileType = sourcecode.swift; path = WordCountTest.swift; sourceTree = "<group>"; };
		92C8BB331AA730AE00C448F0 /* WordCount.swift */ = {isa = PBXFileReference; fileEncoding = 4; lastKnownFileType = sourcecode.swift; path = WordCount.swift; sourceTree = "<group>"; };
		92CF053C1ABB37BA00B0C431 /* GigasecondTest.swift */ = {isa = PBXFileReference; fileEncoding = 4; lastKnownFileType = sourcecode.swift; path = GigasecondTest.swift; sourceTree = "<group>"; };
		92CF053E1ABB37FB00B0C431 /* Gigasecond.swift */ = {isa = PBXFileReference; fileEncoding = 4; lastKnownFileType = sourcecode.swift; path = Gigasecond.swift; sourceTree = "<group>"; };
		92CF05411ABC18DD00B0C431 /* MeetupTest.swift */ = {isa = PBXFileReference; fileEncoding = 4; lastKnownFileType = sourcecode.swift; path = MeetupTest.swift; sourceTree = "<group>"; };
		92CF05441ABC1A9D00B0C431 /* Meetup.swift */ = {isa = PBXFileReference; fileEncoding = 4; lastKnownFileType = sourcecode.swift; path = Meetup.swift; sourceTree = "<group>"; };
		92D73EC51AD6C8C300FF25B7 /* SieveTest.swift */ = {isa = PBXFileReference; fileEncoding = 4; lastKnownFileType = sourcecode.swift; path = SieveTest.swift; sourceTree = "<group>"; };
		92D73EC71AD6C8E600FF25B7 /* Sieve.swift */ = {isa = PBXFileReference; fileEncoding = 4; lastKnownFileType = sourcecode.swift; path = Sieve.swift; sourceTree = "<group>"; };
		92DCCB471AB46D460030F433 /* AllergiesTest.swift */ = {isa = PBXFileReference; fileEncoding = 4; lastKnownFileType = sourcecode.swift; path = AllergiesTest.swift; sourceTree = "<group>"; };
		92DCCB491AB46DB90030F433 /* Allergies.swift */ = {isa = PBXFileReference; fileEncoding = 4; lastKnownFileType = sourcecode.swift; path = Allergies.swift; sourceTree = "<group>"; };
		92DCCB4C1AB57D2D0030F433 /* AccumulateTest.swift */ = {isa = PBXFileReference; fileEncoding = 4; lastKnownFileType = sourcecode.swift; path = AccumulateTest.swift; sourceTree = "<group>"; };
		92DCCB4E1AB57E730030F433 /* Accumulate.swift */ = {isa = PBXFileReference; fileEncoding = 4; lastKnownFileType = sourcecode.swift; path = Accumulate.swift; sourceTree = "<group>"; };
		92DCCB511AB5BEBA0030F433 /* SumOfMultiplesTest.swift */ = {isa = PBXFileReference; fileEncoding = 4; lastKnownFileType = sourcecode.swift; path = SumOfMultiplesTest.swift; sourceTree = "<group>"; };
		92DCCB531AB5BEF40030F433 /* SumOfMultiples.swift */ = {isa = PBXFileReference; fileEncoding = 4; lastKnownFileType = sourcecode.swift; path = SumOfMultiples.swift; sourceTree = "<group>"; };
		92EDFE7F1ACC19E100B82000 /* TrinaryTest.swift */ = {isa = PBXFileReference; fileEncoding = 4; lastKnownFileType = sourcecode.swift; path = TrinaryTest.swift; sourceTree = "<group>"; };
		92EDFE811ACC1A0F00B82000 /* Trinary.swift */ = {isa = PBXFileReference; fileEncoding = 4; lastKnownFileType = sourcecode.swift; path = Trinary.swift; sourceTree = "<group>"; };
		92FAB23E1AD93A3F00FB01A8 /* LuhnTest.swift */ = {isa = PBXFileReference; fileEncoding = 4; lastKnownFileType = sourcecode.swift; path = LuhnTest.swift; sourceTree = "<group>"; };
		92FC5E991AACA58E00A0BA49 /* PhoneNumberTest.swift */ = {isa = PBXFileReference; fileEncoding = 4; lastKnownFileType = sourcecode.swift; path = PhoneNumberTest.swift; sourceTree = "<group>"; };
		92FC5E9B1AACA72900A0BA49 /* PhoneNumber.swift */ = {isa = PBXFileReference; fileEncoding = 4; lastKnownFileType = sourcecode.swift; path = PhoneNumber.swift; sourceTree = "<group>"; };
		92FCD36C1ABF0A4E00448136 /* ScrabbleScoreTest.swift */ = {isa = PBXFileReference; fileEncoding = 4; lastKnownFileType = sourcecode.swift; path = ScrabbleScoreTest.swift; sourceTree = "<group>"; };
		92FCD36E1ABF0AB400448136 /* Scrabble.swift */ = {isa = PBXFileReference; fileEncoding = 4; lastKnownFileType = sourcecode.swift; path = Scrabble.swift; sourceTree = "<group>"; };
		92FCD3711ABF1CE300448136 /* RomanNumeralsTest.swift */ = {isa = PBXFileReference; fileEncoding = 4; lastKnownFileType = sourcecode.swift; path = RomanNumeralsTest.swift; sourceTree = "<group>"; };
		92FCD3731ABF1D5F00448136 /* RomanNumerals.swift */ = {isa = PBXFileReference; fileEncoding = 4; lastKnownFileType = sourcecode.swift; path = RomanNumerals.swift; sourceTree = "<group>"; };
/* End PBXFileReference section */

/* Begin PBXFrameworksBuildPhase section */
		923ADD611A9A067500CF6D3F /* Frameworks */ = {
			isa = PBXFrameworksBuildPhase;
			buildActionMask = 2147483647;
			files = (
			);
			runOnlyForDeploymentPostprocessing = 0;
		};
		923ADD761A9A067500CF6D3F /* Frameworks */ = {
			isa = PBXFrameworksBuildPhase;
			buildActionMask = 2147483647;
			files = (
			);
			runOnlyForDeploymentPostprocessing = 0;
		};
/* End PBXFrameworksBuildPhase section */

/* Begin PBXGroup section */
		923ADD5B1A9A067500CF6D3F = {
			isa = PBXGroup;
			children = (
				923ADD661A9A067500CF6D3F /* exercism-test-runner */,
				923ADD7C1A9A067600CF6D3F /* exercism-test-runnerTests */,
				923ADD651A9A067500CF6D3F /* Products */,
			);
			sourceTree = "<group>";
		};
		923ADD651A9A067500CF6D3F /* Products */ = {
			isa = PBXGroup;
			children = (
				923ADD641A9A067500CF6D3F /* exercism-test-runner.app */,
				923ADD791A9A067500CF6D3F /* exercism-test-runnerTests.xctest */,
			);
			name = Products;
			sourceTree = "<group>";
		};
		923ADD661A9A067500CF6D3F /* exercism-test-runner */ = {
			isa = PBXGroup;
			children = (
				92CF05431ABC1A8C00B0C431 /* New Group */,
				923ADD691A9A067500CF6D3F /* AppDelegate.swift */,
				923ADD6B1A9A067500CF6D3F /* ViewController.swift */,
				923ADD6D1A9A067500CF6D3F /* Main.storyboard */,
				923ADD701A9A067500CF6D3F /* Images.xcassets */,
				923ADD721A9A067500CF6D3F /* LaunchScreen.xib */,
				923ADD671A9A067500CF6D3F /* Supporting Files */,
				923ADD8B1A9A075E00CF6D3F /* Bob.swift */,
				928FD3511A9C7C7200BC1372 /* Hamming.swift */,
				92C8BB331AA730AE00C448F0 /* WordCount.swift */,
				920F65BF1AA87F4F00CA652B /* ETL.swift */,
				922B73EC1AA9F39E00CCBEC7 /* Anagram.swift */,
				9242B7B81AAB44EC00F0C7EC /* DNA.swift */,
				92FC5E9B1AACA72900A0BA49 /* PhoneNumber.swift */,
				920A93641AB0A60B004032A5 /* GradeSchool.swift */,
				920A93691AB1C639004032A5 /* Robot.swift */,
				925AC56C1AB3042700064358 /* NumberClassifier.swift */,
				92DCCB491AB46DB90030F433 /* Allergies.swift */,
				92DCCB4E1AB57E730030F433 /* Accumulate.swift */,
				92DCCB531AB5BEF40030F433 /* SumOfMultiples.swift */,
				9254789B1AB99D4C006119A8 /* TwelveDaysSong.swift */,
				925478A11AB9A83A006119A8 /* SpaceAge.swift */,
				92CF053E1ABB37FB00B0C431 /* Gigasecond.swift */,
				92CF05441ABC1A9D00B0C431 /* Meetup.swift */,
				928BDE181ABDE1400027DDC8 /* Triangle.swift */,
				92FCD36E1ABF0AB400448136 /* Scrabble.swift */,
				92FCD3731ABF1D5F00448136 /* RomanNumerals.swift */,
				920621451AC057D70035212A /* Binary.swift */,
				928E58931AC1A791006DE4C9 /* Raindrops.swift */,
				929308051AC312CF005AA291 /* ArrayKeepDiscard.swift */,
				925E36AB1AC3D28200E823D7 /* Atbash.swift */,
				921487EB1AC4692400A41FAD /* Crypto.swift */,
				92EDFE811ACC1A0F00B82000 /* Trinary.swift */,
				92B9DAD11AD2677F00B48ABA /* Nucleotide.swift */,
				92D73EC71AD6C8E600FF25B7 /* Sieve.swift */,
				929779A01AD904A600EE0E58 /* Octal.swift */,
				929C2CB81AD93ABC007A7646 /* Luhn.swift */,
				929C2CBD1AD998B6007A7646 /* Series.swift */,
				929C2CC21ADA9CBE007A7646 /* PigLatin.swift */,
				92A1A1381ADE537200ABCACD /* Pythagorean.swift */,
				926A632B1AE13C7C00090FF5 /* Squares.swift */,
				92350FCB1AE2726B00643581 /* SecretHandshake.swift */,
				92ADB1701AE38656000258FD /* Clock.swift */,
				9220D01A1AE6955400805E0A /* Element.swift */,
				920B56A21AE74A9C0044760E /* LinkedList.swift */,
				92343CFA1AE7B49E00B06D98 /* Wordy.swift */,
			);
			path = "exercism-test-runner";
			sourceTree = "<group>";
		};
		923ADD671A9A067500CF6D3F /* Supporting Files */ = {
			isa = PBXGroup;
			children = (
				923ADD681A9A067500CF6D3F /* Info.plist */,
			);
			name = "Supporting Files";
			sourceTree = "<group>";
		};
		923ADD7C1A9A067600CF6D3F /* exercism-test-runnerTests */ = {
			isa = PBXGroup;
			children = (
				92343CF81AE7B49300B06D98 /* WordyTest.swift */,
				920B56A01AE7494B0044760E /* LinkedListTest.swift */,
				9220D0181AE694DB00805E0A /* SimpleLinkedListTest.swift */,
				92ADB16E1AE38605000258FD /* ClockTest.swift */,
				92350FC91AE2722E00643581 /* SecretHandshakeTests.swift */,
				926A63291AE13C6400090FF5 /* DifferenceOfSquaresTests.swift */,
				92A1A1361ADE527E00ABCACD /* PythagoreanTripletTest.swift */,
				929C2CC01ADA9C6D007A7646 /* PigLatinTest.swift */,
				929C2CBB1AD997A7007A7646 /* SeriesTest.swift */,
				92FAB23E1AD93A3F00FB01A8 /* LuhnTest.swift */,
				9297799E1AD9041C00EE0E58 /* OctalTest.swift */,
				92D73EC51AD6C8C300FF25B7 /* SieveTest.swift */,
				92B9DACF1AD2673D00B48ABA /* RnaTranscriptionTest.swift */,
				92EDFE7F1ACC19E100B82000 /* TrinaryTest.swift */,
				921487E91AC468C500A41FAD /* CryptoSquareTest.swift */,
				925E36A91AC3D1D600E823D7 /* AtbashTest.swift */,
				929308031AC31270005AA291 /* StrainTest.swift */,
				928E58911AC1A760006DE4C9 /* RaindropsTest.swift */,
				920621481AC0718F0035212A /* PrimeFactorsTest.swift */,
				920621431AC057A60035212A /* BinaryTest.swift */,
				92FCD3711ABF1CE300448136 /* RomanNumeralsTest.swift */,
				92FCD36C1ABF0A4E00448136 /* ScrabbleScoreTest.swift */,
				928BDE161ABDE0F00027DDC8 /* TriangleTest.swift */,
				92CF05411ABC18DD00B0C431 /* MeetupTest.swift */,
				92CF053C1ABB37BA00B0C431 /* GigasecondTest.swift */,
				9254789E1AB9A7CE006119A8 /* SpaceAgeTest.swift */,
				925478991AB99CEE006119A8 /* TwelveDaysTest.swift */,
				92DCCB511AB5BEBA0030F433 /* SumOfMultiplesTest.swift */,
				92DCCB4C1AB57D2D0030F433 /* AccumulateTest.swift */,
				92DCCB471AB46D460030F433 /* AllergiesTest.swift */,
				925AC56A1AB3036700064358 /* PerfectNumbersTest.swift */,
				920A93671AB1C61D004032A5 /* RobotNameTest.swift */,
				920A93621AB0A54D004032A5 /* GradeSchoolTest.swift */,
				92FC5E991AACA58E00A0BA49 /* PhoneNumberTest.swift */,
				9242B7B61AAB44B400F0C7EC /* NucleotideCountTest.swift */,
				922B73EA1AA9F37D00CCBEC7 /* AnagramTest.swift */,
				920F65BD1AA87F3000CA652B /* EtlTest.swift */,
				92C8BB311AA7302400C448F0 /* WordCountTest.swift */,
				928C31631A9C7B9F008F1A06 /* HammingTest.swift */,
				923ADD891A9A072900CF6D3F /* BobTest.swift */,
				923ADD7F1A9A067600CF6D3F /* exercism_test_runnerTests.swift */,
				923ADD7D1A9A067600CF6D3F /* Supporting Files */,
			);
			path = "exercism-test-runnerTests";
			sourceTree = "<group>";
		};
		923ADD7D1A9A067600CF6D3F /* Supporting Files */ = {
			isa = PBXGroup;
			children = (
				923ADD7E1A9A067600CF6D3F /* Info.plist */,
			);
			name = "Supporting Files";
			sourceTree = "<group>";
		};
		92CF05431ABC1A8C00B0C431 /* New Group */ = {
			isa = PBXGroup;
			children = (
				9206214A1AC071BA0035212A /* PrimeFactors.swift */,
			);
			name = "New Group";
			sourceTree = "<group>";
		};
/* End PBXGroup section */

/* Begin PBXNativeTarget section */
		923ADD631A9A067500CF6D3F /* exercism-test-runner */ = {
			isa = PBXNativeTarget;
			buildConfigurationList = 923ADD831A9A067600CF6D3F /* Build configuration list for PBXNativeTarget "exercism-test-runner" */;
			buildPhases = (
				923ADD601A9A067500CF6D3F /* Sources */,
				923ADD611A9A067500CF6D3F /* Frameworks */,
				923ADD621A9A067500CF6D3F /* Resources */,
			);
			buildRules = (
			);
			dependencies = (
			);
			name = "exercism-test-runner";
			productName = "exercism-test-runner";
			productReference = 923ADD641A9A067500CF6D3F /* exercism-test-runner.app */;
			productType = "com.apple.product-type.application";
		};
		923ADD781A9A067500CF6D3F /* exercism-test-runnerTests */ = {
			isa = PBXNativeTarget;
			buildConfigurationList = 923ADD861A9A067600CF6D3F /* Build configuration list for PBXNativeTarget "exercism-test-runnerTests" */;
			buildPhases = (
				923ADD751A9A067500CF6D3F /* Sources */,
				923ADD761A9A067500CF6D3F /* Frameworks */,
				923ADD771A9A067500CF6D3F /* Resources */,
			);
			buildRules = (
			);
			dependencies = (
			);
			name = "exercism-test-runnerTests";
			productName = "exercism-test-runnerTests";
			productReference = 923ADD791A9A067500CF6D3F /* exercism-test-runnerTests.xctest */;
			productType = "com.apple.product-type.bundle.unit-test";
		};
/* End PBXNativeTarget section */

/* Begin PBXProject section */
		923ADD5C1A9A067500CF6D3F /* Project object */ = {
			isa = PBXProject;
			attributes = {
				LastUpgradeCheck = 0610;
				ORGANIZATIONNAME = "Alpine Pipeline, LLC";
				TargetAttributes = {
					923ADD631A9A067500CF6D3F = {
						CreatedOnToolsVersion = 6.1.1;
					};
					923ADD781A9A067500CF6D3F = {
						CreatedOnToolsVersion = 6.1.1;
					};
				};
			};
			buildConfigurationList = 923ADD5F1A9A067500CF6D3F /* Build configuration list for PBXProject "exercism-test-runner" */;
			compatibilityVersion = "Xcode 3.2";
			developmentRegion = English;
			hasScannedForEncodings = 0;
			knownRegions = (
				en,
				Base,
			);
			mainGroup = 923ADD5B1A9A067500CF6D3F;
			productRefGroup = 923ADD651A9A067500CF6D3F /* Products */;
			projectDirPath = "";
			projectRoot = "";
			targets = (
				923ADD631A9A067500CF6D3F /* exercism-test-runner */,
				923ADD781A9A067500CF6D3F /* exercism-test-runnerTests */,
			);
		};
/* End PBXProject section */

/* Begin PBXResourcesBuildPhase section */
		923ADD621A9A067500CF6D3F /* Resources */ = {
			isa = PBXResourcesBuildPhase;
			buildActionMask = 2147483647;
			files = (
				923ADD6F1A9A067500CF6D3F /* Main.storyboard in Resources */,
				923ADD741A9A067500CF6D3F /* LaunchScreen.xib in Resources */,
				923ADD711A9A067500CF6D3F /* Images.xcassets in Resources */,
			);
			runOnlyForDeploymentPostprocessing = 0;
		};
		923ADD771A9A067500CF6D3F /* Resources */ = {
			isa = PBXResourcesBuildPhase;
			buildActionMask = 2147483647;
			files = (
			);
			runOnlyForDeploymentPostprocessing = 0;
		};
/* End PBXResourcesBuildPhase section */

/* Begin PBXSourcesBuildPhase section */
		923ADD601A9A067500CF6D3F /* Sources */ = {
			isa = PBXSourcesBuildPhase;
			buildActionMask = 2147483647;
			files = (
				922B73ED1AA9F39E00CCBEC7 /* Anagram.swift in Sources */,
				920A936A1AB1C639004032A5 /* Robot.swift in Sources */,
				92ADB1711AE38656000258FD /* Clock.swift in Sources */,
				92C8BB341AA730AE00C448F0 /* WordCount.swift in Sources */,
				92FC5E9C1AACA72900A0BA49 /* PhoneNumber.swift in Sources */,
				9206214B1AC071BA0035212A /* PrimeFactors.swift in Sources */,
				925478A21AB9A83A006119A8 /* SpaceAge.swift in Sources */,
				920F65C01AA87F4F00CA652B /* ETL.swift in Sources */,
				92FCD3741ABF1D5F00448136 /* RomanNumerals.swift in Sources */,
				923ADD8C1A9A075E00CF6D3F /* Bob.swift in Sources */,
				929308061AC312CF005AA291 /* ArrayKeepDiscard.swift in Sources */,
				928BDE191ABDE1400027DDC8 /* Triangle.swift in Sources */,
				92CF053F1ABB37FB00B0C431 /* Gigasecond.swift in Sources */,
				921487EC1AC4692400A41FAD /* Crypto.swift in Sources */,
				928E58941AC1A791006DE4C9 /* Raindrops.swift in Sources */,
				92CF05451ABC1A9D00B0C431 /* Meetup.swift in Sources */,
				925E36AC1AC3D28200E823D7 /* Atbash.swift in Sources */,
				92DCCB4A1AB46DB90030F433 /* Allergies.swift in Sources */,
				9220D01B1AE6955400805E0A /* Element.swift in Sources */,
				92DCCB4F1AB57E730030F433 /* Accumulate.swift in Sources */,
				929C2CBE1AD998B6007A7646 /* Series.swift in Sources */,
				92B9DAD21AD2677F00B48ABA /* Nucleotide.swift in Sources */,
				92DCCB541AB5BEF40030F433 /* SumOfMultiples.swift in Sources */,
				920A93651AB0A60B004032A5 /* GradeSchool.swift in Sources */,
				920B56A31AE74A9C0044760E /* LinkedList.swift in Sources */,
				92A1A1391ADE537200ABCACD /* Pythagorean.swift in Sources */,
				929C2CB91AD93ABC007A7646 /* Luhn.swift in Sources */,
				92D73EC81AD6C8E600FF25B7 /* Sieve.swift in Sources */,
				928FD3521A9C7C7200BC1372 /* Hamming.swift in Sources */,
				923ADD6C1A9A067500CF6D3F /* ViewController.swift in Sources */,
				926A632C1AE13C7C00090FF5 /* Squares.swift in Sources */,
				923ADD6A1A9A067500CF6D3F /* AppDelegate.swift in Sources */,
				92350FCC1AE2726B00643581 /* SecretHandshake.swift in Sources */,
				929C2CC31ADA9CBE007A7646 /* PigLatin.swift in Sources */,
				92FCD36F1ABF0AB400448136 /* Scrabble.swift in Sources */,
				92343CFB1AE7B49E00B06D98 /* Wordy.swift in Sources */,
				9242B7B91AAB44EC00F0C7EC /* DNA.swift in Sources */,
				920621461AC057D70035212A /* Binary.swift in Sources */,
				9254789C1AB99D4C006119A8 /* TwelveDaysSong.swift in Sources */,
				925AC56D1AB3042700064358 /* NumberClassifier.swift in Sources */,
			);
			runOnlyForDeploymentPostprocessing = 0;
		};
		923ADD751A9A067500CF6D3F /* Sources */ = {
			isa = PBXSourcesBuildPhase;
			buildActionMask = 2147483647;
			files = (
				928FD3531A9C7C9000BC1372 /* Hamming.swift in Sources */,
				920621471AC058170035212A /* Binary.swift in Sources */,
				92A1A13A1ADE537A00ABCACD /* Pythagorean.swift in Sources */,
				92343CF91AE7B49300B06D98 /* WordyTest.swift in Sources */,
				92FC5E9A1AACA58E00A0BA49 /* PhoneNumberTest.swift in Sources */,
				92DCCB551AB5BF0A0030F433 /* SumOfMultiples.swift in Sources */,
				92FAB23F1AD93A3F00FB01A8 /* LuhnTest.swift in Sources */,
				925E36AA1AC3D1D600E823D7 /* AtbashTest.swift in Sources */,
				929C2CBF1AD99914007A7646 /* Series.swift in Sources */,
				928E58921AC1A760006DE4C9 /* RaindropsTest.swift in Sources */,
				928BDE1A1ABDE4AB0027DDC8 /* Triangle.swift in Sources */,
				929C2CBC1AD997A7007A7646 /* SeriesTest.swift in Sources */,
				92CF053D1ABB37BA00B0C431 /* GigasecondTest.swift in Sources */,
				920F65C11AA87F6F00CA652B /* ETL.swift in Sources */,
				92FCD3751ABF1D9700448136 /* RomanNumerals.swift in Sources */,
				9220D01C1AE6959C00805E0A /* Element.swift in Sources */,
				92FCD36D1ABF0A4E00448136 /* ScrabbleScoreTest.swift in Sources */,
				92D73EC91AD6C99900FF25B7 /* Sieve.swift in Sources */,
				920621441AC057A60035212A /* BinaryTest.swift in Sources */,
				92B9DAD31AD2678400B48ABA /* Nucleotide.swift in Sources */,
				926A632D1AE13D5400090FF5 /* Squares.swift in Sources */,
				920B56A41AE74EE50044760E /* LinkedList.swift in Sources */,
				92DCCB4D1AB57D2D0030F433 /* AccumulateTest.swift in Sources */,
				923ADD8D1A9A077100CF6D3F /* Bob.swift in Sources */,
				92CF05421ABC18DD00B0C431 /* MeetupTest.swift in Sources */,
				92DCCB481AB46D460030F433 /* AllergiesTest.swift in Sources */,
				92FCD3701ABF0AC800448136 /* Scrabble.swift in Sources */,
				925AC56B1AB3036700064358 /* PerfectNumbersTest.swift in Sources */,
				9297799F1AD9041C00EE0E58 /* OctalTest.swift in Sources */,
				929C2CC41ADA9F05007A7646 /* PigLatin.swift in Sources */,
				920A93661AB0A620004032A5 /* GradeSchool.swift in Sources */,
				92CF05461ABC1A9D00B0C431 /* Meetup.swift in Sources */,
				92CF05401ABB395B00B0C431 /* Gigasecond.swift in Sources */,
				928C31641A9C7B9F008F1A06 /* HammingTest.swift in Sources */,
				925478A01AB9A7CE006119A8 /* SpaceAgeTest.swift in Sources */,
				92C8BB351AA730B300C448F0 /* WordCount.swift in Sources */,
				9242B7B71AAB44B400F0C7EC /* NucleotideCountTest.swift in Sources */,
				920A936B1AB1C68F004032A5 /* Robot.swift in Sources */,
				928E58951AC1A7FF006DE4C9 /* Raindrops.swift in Sources */,
				92C8BB321AA7302400C448F0 /* WordCountTest.swift in Sources */,
				9254789D1AB99D4C006119A8 /* TwelveDaysSong.swift in Sources */,
				925E36AD1AC3D2B000E823D7 /* Atbash.swift in Sources */,
				92FC5E9D1AACA74B00A0BA49 /* PhoneNumber.swift in Sources */,
				929C2CC11ADA9C6D007A7646 /* PigLatinTest.swift in Sources */,
				920B56A11AE7494B0044760E /* LinkedListTest.swift in Sources */,
				929308071AC31345005AA291 /* ArrayKeepDiscard.swift in Sources */,
				92343CFC1AE7B4BB00B06D98 /* Wordy.swift in Sources */,
				92DCCB501AB57ECD0030F433 /* Accumulate.swift in Sources */,
				920621491AC0718F0035212A /* PrimeFactorsTest.swift in Sources */,
				925478A31AB9A83A006119A8 /* SpaceAge.swift in Sources */,
				92ADB1721AE386BC000258FD /* Clock.swift in Sources */,
				921487EA1AC468C500A41FAD /* CryptoSquareTest.swift in Sources */,
				92ADB16F1AE38605000258FD /* ClockTest.swift in Sources */,
				928BDE171ABDE0F00027DDC8 /* TriangleTest.swift in Sources */,
				921487ED1AC4696800A41FAD /* Crypto.swift in Sources */,
				920F65BE1AA87F3000CA652B /* EtlTest.swift in Sources */,
				922B73EE1AA9F40100CCBEC7 /* Anagram.swift in Sources */,
				92DCCB4B1AB46E300030F433 /* Allergies.swift in Sources */,
				92FCD3721ABF1CE300448136 /* RomanNumeralsTest.swift in Sources */,
				920A93631AB0A54D004032A5 /* GradeSchoolTest.swift in Sources */,
				929779A21AD9056F00EE0E58 /* Octal.swift in Sources */,
				922B73EB1AA9F37D00CCBEC7 /* AnagramTest.swift in Sources */,
				92DCCB521AB5BEBA0030F433 /* SumOfMultiplesTest.swift in Sources */,
				9220D0191AE694DB00805E0A /* SimpleLinkedListTest.swift in Sources */,
				929C2CBA1AD93AED007A7646 /* Luhn.swift in Sources */,
				9242B7BA1AAB46AB00F0C7EC /* DNA.swift in Sources */,
				9254789A1AB99CEE006119A8 /* TwelveDaysTest.swift in Sources */,
				92A1A1371ADE527E00ABCACD /* PythagoreanTripletTest.swift in Sources */,
				9206214C1AC071BE0035212A /* PrimeFactors.swift in Sources */,
				926A632A1AE13C6400090FF5 /* DifferenceOfSquaresTests.swift in Sources */,
				92350FCD1AE2729500643581 /* SecretHandshake.swift in Sources */,
				920A93681AB1C61D004032A5 /* RobotNameTest.swift in Sources */,
				929308041AC31270005AA291 /* StrainTest.swift in Sources */,
				923ADD801A9A067600CF6D3F /* exercism_test_runnerTests.swift in Sources */,
				92D73EC61AD6C8C300FF25B7 /* SieveTest.swift in Sources */,
				923ADD8A1A9A072900CF6D3F /* BobTest.swift in Sources */,
				92350FCA1AE2722E00643581 /* SecretHandshakeTests.swift in Sources */,
				92B9DAD01AD2673D00B48ABA /* RnaTranscriptionTest.swift in Sources */,
				925AC56E1AB3045D00064358 /* NumberClassifier.swift in Sources */,
			);
			runOnlyForDeploymentPostprocessing = 0;
		};
/* End PBXSourcesBuildPhase section */

/* Begin PBXVariantGroup section */
		923ADD6D1A9A067500CF6D3F /* Main.storyboard */ = {
			isa = PBXVariantGroup;
			children = (
				923ADD6E1A9A067500CF6D3F /* Base */,
			);
			name = Main.storyboard;
			sourceTree = "<group>";
		};
		923ADD721A9A067500CF6D3F /* LaunchScreen.xib */ = {
			isa = PBXVariantGroup;
			children = (
				923ADD731A9A067500CF6D3F /* Base */,
			);
			name = LaunchScreen.xib;
			sourceTree = "<group>";
		};
/* End PBXVariantGroup section */

/* Begin XCBuildConfiguration section */
		923ADD811A9A067600CF6D3F /* Debug */ = {
			isa = XCBuildConfiguration;
			buildSettings = {
				ALWAYS_SEARCH_USER_PATHS = NO;
				CLANG_CXX_LANGUAGE_STANDARD = "gnu++0x";
				CLANG_CXX_LIBRARY = "libc++";
				CLANG_ENABLE_MODULES = YES;
				CLANG_ENABLE_OBJC_ARC = YES;
				CLANG_WARN_BOOL_CONVERSION = YES;
				CLANG_WARN_CONSTANT_CONVERSION = YES;
				CLANG_WARN_DIRECT_OBJC_ISA_USAGE = YES_ERROR;
				CLANG_WARN_EMPTY_BODY = YES;
				CLANG_WARN_ENUM_CONVERSION = YES;
				CLANG_WARN_INT_CONVERSION = YES;
				CLANG_WARN_OBJC_ROOT_CLASS = YES_ERROR;
				CLANG_WARN_UNREACHABLE_CODE = YES;
				CLANG_WARN__DUPLICATE_METHOD_MATCH = YES;
				"CODE_SIGN_IDENTITY[sdk=iphoneos*]" = "iPhone Developer";
				COPY_PHASE_STRIP = NO;
				ENABLE_STRICT_OBJC_MSGSEND = YES;
				GCC_C_LANGUAGE_STANDARD = gnu99;
				GCC_DYNAMIC_NO_PIC = NO;
				GCC_OPTIMIZATION_LEVEL = 0;
				GCC_PREPROCESSOR_DEFINITIONS = (
					"DEBUG=1",
					"$(inherited)",
				);
				GCC_SYMBOLS_PRIVATE_EXTERN = NO;
				GCC_WARN_64_TO_32_BIT_CONVERSION = YES;
				GCC_WARN_ABOUT_RETURN_TYPE = YES_ERROR;
				GCC_WARN_UNDECLARED_SELECTOR = YES;
				GCC_WARN_UNINITIALIZED_AUTOS = YES_AGGRESSIVE;
				GCC_WARN_UNUSED_FUNCTION = YES;
				GCC_WARN_UNUSED_VARIABLE = YES;
				IPHONEOS_DEPLOYMENT_TARGET = 8.1;
				MTL_ENABLE_DEBUG_INFO = YES;
				ONLY_ACTIVE_ARCH = YES;
				SDKROOT = iphoneos;
				SWIFT_OPTIMIZATION_LEVEL = "-Onone";
				TARGETED_DEVICE_FAMILY = "1,2";
			};
			name = Debug;
		};
		923ADD821A9A067600CF6D3F /* Release */ = {
			isa = XCBuildConfiguration;
			buildSettings = {
				ALWAYS_SEARCH_USER_PATHS = NO;
				CLANG_CXX_LANGUAGE_STANDARD = "gnu++0x";
				CLANG_CXX_LIBRARY = "libc++";
				CLANG_ENABLE_MODULES = YES;
				CLANG_ENABLE_OBJC_ARC = YES;
				CLANG_WARN_BOOL_CONVERSION = YES;
				CLANG_WARN_CONSTANT_CONVERSION = YES;
				CLANG_WARN_DIRECT_OBJC_ISA_USAGE = YES_ERROR;
				CLANG_WARN_EMPTY_BODY = YES;
				CLANG_WARN_ENUM_CONVERSION = YES;
				CLANG_WARN_INT_CONVERSION = YES;
				CLANG_WARN_OBJC_ROOT_CLASS = YES_ERROR;
				CLANG_WARN_UNREACHABLE_CODE = YES;
				CLANG_WARN__DUPLICATE_METHOD_MATCH = YES;
				"CODE_SIGN_IDENTITY[sdk=iphoneos*]" = "iPhone Developer";
				COPY_PHASE_STRIP = YES;
				ENABLE_NS_ASSERTIONS = NO;
				ENABLE_STRICT_OBJC_MSGSEND = YES;
				GCC_C_LANGUAGE_STANDARD = gnu99;
				GCC_WARN_64_TO_32_BIT_CONVERSION = YES;
				GCC_WARN_ABOUT_RETURN_TYPE = YES_ERROR;
				GCC_WARN_UNDECLARED_SELECTOR = YES;
				GCC_WARN_UNINITIALIZED_AUTOS = YES_AGGRESSIVE;
				GCC_WARN_UNUSED_FUNCTION = YES;
				GCC_WARN_UNUSED_VARIABLE = YES;
				IPHONEOS_DEPLOYMENT_TARGET = 8.1;
				MTL_ENABLE_DEBUG_INFO = NO;
				SDKROOT = iphoneos;
				TARGETED_DEVICE_FAMILY = "1,2";
				VALIDATE_PRODUCT = YES;
			};
			name = Release;
		};
		923ADD841A9A067600CF6D3F /* Debug */ = {
			isa = XCBuildConfiguration;
			buildSettings = {
				ASSETCATALOG_COMPILER_APPICON_NAME = AppIcon;
				INFOPLIST_FILE = "exercism-test-runner/Info.plist";
				LD_RUNPATH_SEARCH_PATHS = "$(inherited) @executable_path/Frameworks";
				PRODUCT_NAME = "$(TARGET_NAME)";
			};
			name = Debug;
		};
		923ADD851A9A067600CF6D3F /* Release */ = {
			isa = XCBuildConfiguration;
			buildSettings = {
				ASSETCATALOG_COMPILER_APPICON_NAME = AppIcon;
				INFOPLIST_FILE = "exercism-test-runner/Info.plist";
				LD_RUNPATH_SEARCH_PATHS = "$(inherited) @executable_path/Frameworks";
				PRODUCT_NAME = "$(TARGET_NAME)";
			};
			name = Release;
		};
		923ADD871A9A067600CF6D3F /* Debug */ = {
			isa = XCBuildConfiguration;
			buildSettings = {
				FRAMEWORK_SEARCH_PATHS = (
					"$(SDKROOT)/Developer/Library/Frameworks",
					"$(inherited)",
				);
				GCC_PREPROCESSOR_DEFINITIONS = (
					"DEBUG=1",
					"$(inherited)",
				);
				INFOPLIST_FILE = "exercism-test-runnerTests/Info.plist";
				LD_RUNPATH_SEARCH_PATHS = "$(inherited) @executable_path/Frameworks @loader_path/Frameworks";
				PRODUCT_NAME = "$(TARGET_NAME)";
			};
			name = Debug;
		};
		923ADD881A9A067600CF6D3F /* Release */ = {
			isa = XCBuildConfiguration;
			buildSettings = {
				FRAMEWORK_SEARCH_PATHS = (
					"$(SDKROOT)/Developer/Library/Frameworks",
					"$(inherited)",
				);
				INFOPLIST_FILE = "exercism-test-runnerTests/Info.plist";
				LD_RUNPATH_SEARCH_PATHS = "$(inherited) @executable_path/Frameworks @loader_path/Frameworks";
				PRODUCT_NAME = "$(TARGET_NAME)";
			};
			name = Release;
		};
/* End XCBuildConfiguration section */

/* Begin XCConfigurationList section */
		923ADD5F1A9A067500CF6D3F /* Build configuration list for PBXProject "exercism-test-runner" */ = {
			isa = XCConfigurationList;
			buildConfigurations = (
				923ADD811A9A067600CF6D3F /* Debug */,
				923ADD821A9A067600CF6D3F /* Release */,
			);
			defaultConfigurationIsVisible = 0;
			defaultConfigurationName = Release;
		};
		923ADD831A9A067600CF6D3F /* Build configuration list for PBXNativeTarget "exercism-test-runner" */ = {
			isa = XCConfigurationList;
			buildConfigurations = (
				923ADD841A9A067600CF6D3F /* Debug */,
				923ADD851A9A067600CF6D3F /* Release */,
			);
			defaultConfigurationIsVisible = 0;
			defaultConfigurationName = Release;
		};
		923ADD861A9A067600CF6D3F /* Build configuration list for PBXNativeTarget "exercism-test-runnerTests" */ = {
			isa = XCConfigurationList;
			buildConfigurations = (
				923ADD871A9A067600CF6D3F /* Debug */,
				923ADD881A9A067600CF6D3F /* Release */,
			);
			defaultConfigurationIsVisible = 0;
			defaultConfigurationName = Release;
		};
/* End XCConfigurationList section */
	};
	rootObject = 923ADD5C1A9A067500CF6D3F /* Project object */;
}
